// !$*UTF8*$!
{
	archiveVersion = 1;
	classes = {
	};
	objectVersion = 48;
	objects = {

/* Begin PBXBuildFile section */
		B90AF70120143E3900273629 /* AppDelegate.swift in Sources */ = {isa = PBXBuildFile; fileRef = B90AF70020143E3900273629 /* AppDelegate.swift */; };
		B90AF70620143E3900273629 /* Main.storyboard in Resources */ = {isa = PBXBuildFile; fileRef = B90AF70420143E3900273629 /* Main.storyboard */; };
		B90AF70820143E3900273629 /* Assets.xcassets in Resources */ = {isa = PBXBuildFile; fileRef = B90AF70720143E3900273629 /* Assets.xcassets */; };
		B90AF70B20143E3900273629 /* LaunchScreen.storyboard in Resources */ = {isa = PBXBuildFile; fileRef = B90AF70920143E3900273629 /* LaunchScreen.storyboard */; };
		B90AF7142014429800273629 /* OperationsManager.swift in Sources */ = {isa = PBXBuildFile; fileRef = B90AF7132014429800273629 /* OperationsManager.swift */; };
		B90AF71A20145B0E00273629 /* Endpoints.plist in Resources */ = {isa = PBXBuildFile; fileRef = B90AF71920145B0E00273629 /* Endpoints.plist */; };
		B90AF71C20145DB000273629 /* BaseOperation.swift in Sources */ = {isa = PBXBuildFile; fileRef = B90AF71B20145DB000273629 /* BaseOperation.swift */; };
		B90DD21E20249C1900FCCA0B /* BounceNavigationController.swift in Sources */ = {isa = PBXBuildFile; fileRef = B90DD21D20249C1900FCCA0B /* BounceNavigationController.swift */; };
		B90DD2212024D33A00FCCA0B /* SlideAnimator.swift in Sources */ = {isa = PBXBuildFile; fileRef = B90DD2202024D33A00FCCA0B /* SlideAnimator.swift */; };
		B92904AE202A4A53005F07D0 /* city.png in Resources */ = {isa = PBXBuildFile; fileRef = B92904AD202A4A53005F07D0 /* city.png */; };
		B941238C2023E14D007B7B21 /* AddGameSegue.swift in Sources */ = {isa = PBXBuildFile; fileRef = B941238B2023E14D007B7B21 /* AddGameSegue.swift */; };
		B941238E2023EE09007B7B21 /* AddGameUnwindSegue.swift in Sources */ = {isa = PBXBuildFile; fileRef = B941238D2023EE09007B7B21 /* AddGameUnwindSegue.swift */; };
		B94B02BB201B4BF600049118 /* Game+Serialization.swift in Sources */ = {isa = PBXBuildFile; fileRef = B94B02BA201B4BF600049118 /* Game+Serialization.swift */; };
		B94B02BF201B4C3D00049118 /* GamesTableViewController.swift in Sources */ = {isa = PBXBuildFile; fileRef = B94B02BE201B4C3D00049118 /* GamesTableViewController.swift */; };
		B94B02C1201B681E00049118 /* EditGameViewController.swift in Sources */ = {isa = PBXBuildFile; fileRef = B94B02C0201B681E00049118 /* EditGameViewController.swift */; };
		B9572DDE201AD4B900651538 /* CoreDataManager.m in Sources */ = {isa = PBXBuildFile; fileRef = B9572DDC201AD4B900651538 /* CoreDataManager.m */; };
		B9572DE2201AD5E000651538 /* Model.xcdatamodeld in Sources */ = {isa = PBXBuildFile; fileRef = B9572DE0201AD5E000651538 /* Model.xcdatamodeld */; };
		B95A8225201FA4AE001A51ED /* TestDeleteGameOperation.swift in Sources */ = {isa = PBXBuildFile; fileRef = B95A8224201FA4AE001A51ED /* TestDeleteGameOperation.swift */; };
		B95F04D72019BF76009B0800 /* GetGamesOperation.swift in Sources */ = {isa = PBXBuildFile; fileRef = B95F04D62019BF76009B0800 /* GetGamesOperation.swift */; };
		B96A87BE2024F1550034E3A3 /* TestPostGameOperation.swift in Sources */ = {isa = PBXBuildFile; fileRef = B96A87BD2024F1550034E3A3 /* TestPostGameOperation.swift */; };
		B96A87C02024F1780034E3A3 /* PostGameOperation.swift in Sources */ = {isa = PBXBuildFile; fileRef = B96A87BF2024F1780034E3A3 /* PostGameOperation.swift */; };
		B96A87C12024FB8D0034E3A3 /* PostGameOperation.swift in Sources */ = {isa = PBXBuildFile; fileRef = B96A87BF2024F1780034E3A3 /* PostGameOperation.swift */; };
		B980AAA22023498C006CACAC /* StopTimesPresentationController.swift in Sources */ = {isa = PBXBuildFile; fileRef = B980AA9F2023498C006CACAC /* StopTimesPresentationController.swift */; };
		B98A5253201F343200592B5D /* TestGetGamesOperation.swift in Sources */ = {isa = PBXBuildFile; fileRef = B98A5252201F343200592B5D /* TestGetGamesOperation.swift */; };
		B98A5254201F3D3100592B5D /* GetGamesOperation.swift in Sources */ = {isa = PBXBuildFile; fileRef = B95F04D62019BF76009B0800 /* GetGamesOperation.swift */; };
		B98A5255201F3E6400592B5D /* CoreDataManager.m in Sources */ = {isa = PBXBuildFile; fileRef = B9572DDC201AD4B900651538 /* CoreDataManager.m */; };
		B98A5256201F402900592B5D /* BaseOperation.swift in Sources */ = {isa = PBXBuildFile; fileRef = B90AF71B20145DB000273629 /* BaseOperation.swift */; };
		B98A5257201F42DA00592B5D /* Model.xcdatamodeld in Sources */ = {isa = PBXBuildFile; fileRef = B9572DE0201AD5E000651538 /* Model.xcdatamodeld */; };
		B98A5258201F42E700592B5D /* Game+Serialization.swift in Sources */ = {isa = PBXBuildFile; fileRef = B94B02BA201B4BF600049118 /* Game+Serialization.swift */; };
		B98A525A201F488600592B5D /* DeleteGameOperation.swift in Sources */ = {isa = PBXBuildFile; fileRef = B98A5259201F488600592B5D /* DeleteGameOperation.swift */; };
		B98A525B201F488600592B5D /* DeleteGameOperation.swift in Sources */ = {isa = PBXBuildFile; fileRef = B98A5259201F488600592B5D /* DeleteGameOperation.swift */; };
		B9BDE4862029613E006E1253 /* NSData+MimeType.m in Sources */ = {isa = PBXBuildFile; fileRef = B9BDE4852029613E006E1253 /* NSData+MimeType.m */; };
		B9BDE48820296684006E1253 /* Pilotwings_Box.jpg in Resources */ = {isa = PBXBuildFile; fileRef = B9BDE48720296684006E1253 /* Pilotwings_Box.jpg */; };
		B9CC3C7C2023011100015901 /* EditGameSegue.swift in Sources */ = {isa = PBXBuildFile; fileRef = B9CC3C7B2023011100015901 /* EditGameSegue.swift */; };
/* End PBXBuildFile section */

/* Begin PBXContainerItemProxy section */
		B98A524D201F340900592B5D /* PBXContainerItemProxy */ = {
			isa = PBXContainerItemProxy;
			containerPortal = B90AF6F520143E3900273629 /* Project object */;
			proxyType = 1;
			remoteGlobalIDString = B90AF6FC20143E3900273629;
			remoteInfo = Interview;
		};
/* End PBXContainerItemProxy section */

/* Begin PBXFileReference section */
		B90AF6FD20143E3900273629 /* Interview.app */ = {isa = PBXFileReference; explicitFileType = wrapper.application; includeInIndex = 0; path = Interview.app; sourceTree = BUILT_PRODUCTS_DIR; };
		B90AF70020143E3900273629 /* AppDelegate.swift */ = {isa = PBXFileReference; lastKnownFileType = sourcecode.swift; path = AppDelegate.swift; sourceTree = "<group>"; };
		B90AF70520143E3900273629 /* Base */ = {isa = PBXFileReference; lastKnownFileType = file.storyboard; name = Base; path = Base.lproj/Main.storyboard; sourceTree = "<group>"; };
		B90AF70720143E3900273629 /* Assets.xcassets */ = {isa = PBXFileReference; lastKnownFileType = folder.assetcatalog; path = Assets.xcassets; sourceTree = "<group>"; };
		B90AF70A20143E3900273629 /* Base */ = {isa = PBXFileReference; lastKnownFileType = file.storyboard; name = Base; path = Base.lproj/LaunchScreen.storyboard; sourceTree = "<group>"; };
		B90AF70C20143E3900273629 /* Info.plist */ = {isa = PBXFileReference; lastKnownFileType = text.plist.xml; path = Info.plist; sourceTree = "<group>"; };
		B90AF7132014429800273629 /* OperationsManager.swift */ = {isa = PBXFileReference; lastKnownFileType = sourcecode.swift; path = OperationsManager.swift; sourceTree = "<group>"; };
		B90AF71920145B0E00273629 /* Endpoints.plist */ = {isa = PBXFileReference; lastKnownFileType = text.plist.xml; path = Endpoints.plist; sourceTree = "<group>"; };
		B90AF71B20145DB000273629 /* BaseOperation.swift */ = {isa = PBXFileReference; lastKnownFileType = sourcecode.swift; name = BaseOperation.swift; path = Interview/BaseOperation.swift; sourceTree = SOURCE_ROOT; };
		B90DD21D20249C1900FCCA0B /* BounceNavigationController.swift */ = {isa = PBXFileReference; lastKnownFileType = sourcecode.swift; path = BounceNavigationController.swift; sourceTree = "<group>"; };
		B90DD2202024D33A00FCCA0B /* SlideAnimator.swift */ = {isa = PBXFileReference; lastKnownFileType = sourcecode.swift; path = SlideAnimator.swift; sourceTree = "<group>"; };
		B92904AD202A4A53005F07D0 /* city.png */ = {isa = PBXFileReference; lastKnownFileType = image.png; path = city.png; sourceTree = "<group>"; };
		B941238B2023E14D007B7B21 /* AddGameSegue.swift */ = {isa = PBXFileReference; lastKnownFileType = sourcecode.swift; path = AddGameSegue.swift; sourceTree = "<group>"; };
		B941238D2023EE09007B7B21 /* AddGameUnwindSegue.swift */ = {isa = PBXFileReference; lastKnownFileType = sourcecode.swift; path = AddGameUnwindSegue.swift; sourceTree = "<group>"; };
		B94B02BA201B4BF600049118 /* Game+Serialization.swift */ = {isa = PBXFileReference; lastKnownFileType = sourcecode.swift; path = "Game+Serialization.swift"; sourceTree = "<group>"; };
		B94B02BE201B4C3D00049118 /* GamesTableViewController.swift */ = {isa = PBXFileReference; fileEncoding = 4; lastKnownFileType = sourcecode.swift; path = GamesTableViewController.swift; sourceTree = "<group>"; };
		B94B02C0201B681E00049118 /* EditGameViewController.swift */ = {isa = PBXFileReference; lastKnownFileType = sourcecode.swift; path = EditGameViewController.swift; sourceTree = "<group>"; };
		B9572DDB201AD4B800651538 /* Interview-Bridging-Header.h */ = {isa = PBXFileReference; lastKnownFileType = sourcecode.c.h; path = "Interview-Bridging-Header.h"; sourceTree = "<group>"; };
		B9572DDC201AD4B900651538 /* CoreDataManager.m */ = {isa = PBXFileReference; fileEncoding = 4; lastKnownFileType = sourcecode.c.objc; path = CoreDataManager.m; sourceTree = "<group>"; };
		B9572DDD201AD4B900651538 /* CoreDataManager.h */ = {isa = PBXFileReference; fileEncoding = 4; lastKnownFileType = sourcecode.c.h; path = CoreDataManager.h; sourceTree = "<group>"; };
		B9572DE1201AD5E000651538 /* Model.xcdatamodel */ = {isa = PBXFileReference; lastKnownFileType = wrapper.xcdatamodel; path = Model.xcdatamodel; sourceTree = "<group>"; };
		B95A8224201FA4AE001A51ED /* TestDeleteGameOperation.swift */ = {isa = PBXFileReference; lastKnownFileType = sourcecode.swift; path = TestDeleteGameOperation.swift; sourceTree = "<group>"; };
		B95F04D62019BF76009B0800 /* GetGamesOperation.swift */ = {isa = PBXFileReference; lastKnownFileType = sourcecode.swift; name = GetGamesOperation.swift; path = Interview/GetGamesOperation.swift; sourceTree = SOURCE_ROOT; };
		B96A87BD2024F1550034E3A3 /* TestPostGameOperation.swift */ = {isa = PBXFileReference; lastKnownFileType = sourcecode.swift; path = TestPostGameOperation.swift; sourceTree = "<group>"; };
		B96A87BF2024F1780034E3A3 /* PostGameOperation.swift */ = {isa = PBXFileReference; lastKnownFileType = sourcecode.swift; path = PostGameOperation.swift; sourceTree = "<group>"; };
		B980AA9F2023498C006CACAC /* StopTimesPresentationController.swift */ = {isa = PBXFileReference; fileEncoding = 4; lastKnownFileType = sourcecode.swift; path = StopTimesPresentationController.swift; sourceTree = "<group>"; };
		B98A5248201F340900592B5D /* Tests.xctest */ = {isa = PBXFileReference; explicitFileType = wrapper.cfbundle; includeInIndex = 0; path = Tests.xctest; sourceTree = BUILT_PRODUCTS_DIR; };
		B98A524C201F340900592B5D /* Info.plist */ = {isa = PBXFileReference; lastKnownFileType = text.plist.xml; path = Info.plist; sourceTree = "<group>"; };
		B98A5252201F343200592B5D /* TestGetGamesOperation.swift */ = {isa = PBXFileReference; lastKnownFileType = sourcecode.swift; path = TestGetGamesOperation.swift; sourceTree = "<group>"; };
		B98A5259201F488600592B5D /* DeleteGameOperation.swift */ = {isa = PBXFileReference; lastKnownFileType = sourcecode.swift; path = DeleteGameOperation.swift; sourceTree = "<group>"; };
		B9BDE4842029613E006E1253 /* NSData+MimeType.h */ = {isa = PBXFileReference; fileEncoding = 4; lastKnownFileType = sourcecode.c.h; path = "NSData+MimeType.h"; sourceTree = "<group>"; };
		B9BDE4852029613E006E1253 /* NSData+MimeType.m */ = {isa = PBXFileReference; fileEncoding = 4; lastKnownFileType = sourcecode.c.objc; path = "NSData+MimeType.m"; sourceTree = "<group>"; };
		B9BDE48720296684006E1253 /* Pilotwings_Box.jpg */ = {isa = PBXFileReference; lastKnownFileType = image.jpeg; path = Pilotwings_Box.jpg; sourceTree = "<group>"; };
		B9CC3C7B2023011100015901 /* EditGameSegue.swift */ = {isa = PBXFileReference; fileEncoding = 4; lastKnownFileType = sourcecode.swift; path = EditGameSegue.swift; sourceTree = "<group>"; };
/* End PBXFileReference section */

/* Begin PBXFrameworksBuildPhase section */
		B90AF6FA20143E3900273629 /* Frameworks */ = {
			isa = PBXFrameworksBuildPhase;
			buildActionMask = 2147483647;
			files = (
			);
			runOnlyForDeploymentPostprocessing = 0;
		};
		B98A5245201F340900592B5D /* Frameworks */ = {
			isa = PBXFrameworksBuildPhase;
			buildActionMask = 2147483647;
			files = (
			);
			runOnlyForDeploymentPostprocessing = 0;
		};
/* End PBXFrameworksBuildPhase section */

/* Begin PBXGroup section */
		B90AF6F420143E3900273629 = {
			isa = PBXGroup;
			children = (
				B90AF6FF20143E3900273629 /* Interview */,
				B98A5249201F340900592B5D /* Tests */,
				B90AF6FE20143E3900273629 /* Products */,
			);
			sourceTree = "<group>";
		};
		B90AF6FE20143E3900273629 /* Products */ = {
			isa = PBXGroup;
			children = (
				B90AF6FD20143E3900273629 /* Interview.app */,
				B98A5248201F340900592B5D /* Tests.xctest */,
			);
			name = Products;
			sourceTree = "<group>";
		};
		B90AF6FF20143E3900273629 /* Interview */ = {
			isa = PBXGroup;
			children = (
				B90DD21F2024D2ED00FCCA0B /* Animators */,
				B90DD21C20249BFD00FCCA0B /* Controllers */,
				B9CC3C7A2023009C00015901 /* Segues */,
				B93A72F6201EB210004FB583 /* Operations */,
				B94B02BD201B4C3100049118 /* Extensions */,
				B94B02BC201B4C2800049118 /* View Controllers */,
				B94B02B8201B3B0600049118 /* Delegates */,
				B9572DDF201AD5CC00651538 /* Models */,
				B90AF7122014428200273629 /* Managers */,
				B90AF70420143E3900273629 /* Main.storyboard */,
				B90AF70720143E3900273629 /* Assets.xcassets */,
				B90AF70920143E3900273629 /* LaunchScreen.storyboard */,
				B90AF70C20143E3900273629 /* Info.plist */,
				B90AF71920145B0E00273629 /* Endpoints.plist */,
			);
			path = Interview;
			sourceTree = "<group>";
		};
		B90AF7122014428200273629 /* Managers */ = {
			isa = PBXGroup;
			children = (
				B90AF7132014429800273629 /* OperationsManager.swift */,
				B9572DDD201AD4B900651538 /* CoreDataManager.h */,
				B9572DDC201AD4B900651538 /* CoreDataManager.m */,
				B9572DDB201AD4B800651538 /* Interview-Bridging-Header.h */,
			);
			name = Managers;
			sourceTree = "<group>";
		};
		B90DD21C20249BFD00FCCA0B /* Controllers */ = {
			isa = PBXGroup;
			children = (
				B90DD21D20249C1900FCCA0B /* BounceNavigationController.swift */,
			);
			name = Controllers;
			sourceTree = "<group>";
		};
		B90DD21F2024D2ED00FCCA0B /* Animators */ = {
			isa = PBXGroup;
			children = (
				B90DD2202024D33A00FCCA0B /* SlideAnimator.swift */,
			);
			name = Animators;
			sourceTree = "<group>";
		};
		B93A72F6201EB210004FB583 /* Operations */ = {
			isa = PBXGroup;
			children = (
				B90AF71B20145DB000273629 /* BaseOperation.swift */,
				B95F04D62019BF76009B0800 /* GetGamesOperation.swift */,
				B98A5259201F488600592B5D /* DeleteGameOperation.swift */,
				B96A87BF2024F1780034E3A3 /* PostGameOperation.swift */,
			);
			name = Operations;
			sourceTree = "<group>";
		};
		B94B02B8201B3B0600049118 /* Delegates */ = {
			isa = PBXGroup;
			children = (
				B90AF70020143E3900273629 /* AppDelegate.swift */,
			);
			name = Delegates;
			sourceTree = "<group>";
		};
		B94B02BC201B4C2800049118 /* View Controllers */ = {
			isa = PBXGroup;
			children = (
				B94B02BE201B4C3D00049118 /* GamesTableViewController.swift */,
				B94B02C0201B681E00049118 /* EditGameViewController.swift */,
			);
			name = "View Controllers";
			sourceTree = "<group>";
		};
		B94B02BD201B4C3100049118 /* Extensions */ = {
			isa = PBXGroup;
			children = (
				B9BDE4842029613E006E1253 /* NSData+MimeType.h */,
				B9BDE4852029613E006E1253 /* NSData+MimeType.m */,
				B94B02BA201B4BF600049118 /* Game+Serialization.swift */,
			);
			name = Extensions;
			sourceTree = "<group>";
		};
		B9572DDF201AD5CC00651538 /* Models */ = {
			isa = PBXGroup;
			children = (
				B9572DE0201AD5E000651538 /* Model.xcdatamodeld */,
			);
			name = Models;
			sourceTree = "<group>";
		};
		B98A5249201F340900592B5D /* Tests */ = {
			isa = PBXGroup;
			children = (
				B92904AD202A4A53005F07D0 /* city.png */,
				B9BDE48720296684006E1253 /* Pilotwings_Box.jpg */,
				B98A524C201F340900592B5D /* Info.plist */,
				B98A5252201F343200592B5D /* TestGetGamesOperation.swift */,
				B95A8224201FA4AE001A51ED /* TestDeleteGameOperation.swift */,
				B96A87BD2024F1550034E3A3 /* TestPostGameOperation.swift */,
			);
			path = Tests;
			sourceTree = "<group>";
		};
		B9CC3C7A2023009C00015901 /* Segues */ = {
			isa = PBXGroup;
			children = (
				B980AA9F2023498C006CACAC /* StopTimesPresentationController.swift */,
				B9CC3C7B2023011100015901 /* EditGameSegue.swift */,
				B941238B2023E14D007B7B21 /* AddGameSegue.swift */,
				B941238D2023EE09007B7B21 /* AddGameUnwindSegue.swift */,
			);
			name = Segues;
			sourceTree = "<group>";
		};
/* End PBXGroup section */

/* Begin PBXNativeTarget section */
		B90AF6FC20143E3900273629 /* Interview */ = {
			isa = PBXNativeTarget;
			buildConfigurationList = B90AF70F20143E3900273629 /* Build configuration list for PBXNativeTarget "Interview" */;
			buildPhases = (
				B90AF6F920143E3900273629 /* Sources */,
				B90AF6FA20143E3900273629 /* Frameworks */,
				B90AF6FB20143E3900273629 /* Resources */,
			);
			buildRules = (
			);
			dependencies = (
			);
			name = Interview;
			productName = Interview;
			productReference = B90AF6FD20143E3900273629 /* Interview.app */;
			productType = "com.apple.product-type.application";
		};
		B98A5247201F340900592B5D /* Tests */ = {
			isa = PBXNativeTarget;
			buildConfigurationList = B98A5251201F340900592B5D /* Build configuration list for PBXNativeTarget "Tests" */;
			buildPhases = (
				B98A5244201F340900592B5D /* Sources */,
				B98A5245201F340900592B5D /* Frameworks */,
				B98A5246201F340900592B5D /* Resources */,
			);
			buildRules = (
			);
			dependencies = (
				B98A524E201F340900592B5D /* PBXTargetDependency */,
			);
			name = Tests;
			productName = Tests;
			productReference = B98A5248201F340900592B5D /* Tests.xctest */;
			productType = "com.apple.product-type.bundle.unit-test";
		};
/* End PBXNativeTarget section */

/* Begin PBXProject section */
		B90AF6F520143E3900273629 /* Project object */ = {
			isa = PBXProject;
			attributes = {
				LastSwiftUpdateCheck = 0920;
				LastUpgradeCheck = 0920;
				ORGANIZATIONNAME = Merch;
				TargetAttributes = {
					B90AF6FC20143E3900273629 = {
						CreatedOnToolsVersion = 9.2;
						LastSwiftMigration = 0920;
						ProvisioningStyle = Automatic;
					};
					B98A5247201F340900592B5D = {
						CreatedOnToolsVersion = 9.2;
						ProvisioningStyle = Automatic;
						TestTargetID = B90AF6FC20143E3900273629;
					};
				};
			};
			buildConfigurationList = B90AF6F820143E3900273629 /* Build configuration list for PBXProject "Interview" */;
			compatibilityVersion = "Xcode 8.0";
			developmentRegion = en;
			hasScannedForEncodings = 0;
			knownRegions = (
				en,
				Base,
			);
			mainGroup = B90AF6F420143E3900273629;
			productRefGroup = B90AF6FE20143E3900273629 /* Products */;
			projectDirPath = "";
			projectRoot = "";
			targets = (
				B90AF6FC20143E3900273629 /* Interview */,
				B98A5247201F340900592B5D /* Tests */,
			);
		};
/* End PBXProject section */

/* Begin PBXResourcesBuildPhase section */
		B90AF6FB20143E3900273629 /* Resources */ = {
			isa = PBXResourcesBuildPhase;
			buildActionMask = 2147483647;
			files = (
				B90AF70B20143E3900273629 /* LaunchScreen.storyboard in Resources */,
				B90AF71A20145B0E00273629 /* Endpoints.plist in Resources */,
				B90AF70820143E3900273629 /* Assets.xcassets in Resources */,
				B90AF70620143E3900273629 /* Main.storyboard in Resources */,
			);
			runOnlyForDeploymentPostprocessing = 0;
		};
		B98A5246201F340900592B5D /* Resources */ = {
			isa = PBXResourcesBuildPhase;
			buildActionMask = 2147483647;
			files = (
				B92904AE202A4A53005F07D0 /* city.png in Resources */,
				B9BDE48820296684006E1253 /* Pilotwings_Box.jpg in Resources */,
			);
			runOnlyForDeploymentPostprocessing = 0;
		};
/* End PBXResourcesBuildPhase section */

/* Begin PBXSourcesBuildPhase section */
		B90AF6F920143E3900273629 /* Sources */ = {
			isa = PBXSourcesBuildPhase;
			buildActionMask = 2147483647;
			files = (
				B90AF7142014429800273629 /* OperationsManager.swift in Sources */,
				B941238C2023E14D007B7B21 /* AddGameSegue.swift in Sources */,
				B941238E2023EE09007B7B21 /* AddGameUnwindSegue.swift in Sources */,
				B9572DDE201AD4B900651538 /* CoreDataManager.m in Sources */,
				B94B02C1201B681E00049118 /* EditGameViewController.swift in Sources */,
				B95F04D72019BF76009B0800 /* GetGamesOperation.swift in Sources */,
				B90DD2212024D33A00FCCA0B /* SlideAnimator.swift in Sources */,
				B9572DE2201AD5E000651538 /* Model.xcdatamodeld in Sources */,
				B9BDE4862029613E006E1253 /* NSData+MimeType.m in Sources */,
				B90AF70120143E3900273629 /* AppDelegate.swift in Sources */,
				B90DD21E20249C1900FCCA0B /* BounceNavigationController.swift in Sources */,
				B98A525A201F488600592B5D /* DeleteGameOperation.swift in Sources */,
				B980AAA22023498C006CACAC /* StopTimesPresentationController.swift in Sources */,
				B96A87C02024F1780034E3A3 /* PostGameOperation.swift in Sources */,
				B94B02BF201B4C3D00049118 /* GamesTableViewController.swift in Sources */,
				B94B02BB201B4BF600049118 /* Game+Serialization.swift in Sources */,
				B90AF71C20145DB000273629 /* BaseOperation.swift in Sources */,
				B9CC3C7C2023011100015901 /* EditGameSegue.swift in Sources */,
			);
			runOnlyForDeploymentPostprocessing = 0;
		};
		B98A5244201F340900592B5D /* Sources */ = {
			isa = PBXSourcesBuildPhase;
			buildActionMask = 2147483647;
			files = (
				B98A5254201F3D3100592B5D /* GetGamesOperation.swift in Sources */,
				B96A87C12024FB8D0034E3A3 /* PostGameOperation.swift in Sources */,
				B96A87BE2024F1550034E3A3 /* TestPostGameOperation.swift in Sources */,
				B98A5255201F3E6400592B5D /* CoreDataManager.m in Sources */,
				B98A525B201F488600592B5D /* DeleteGameOperation.swift in Sources */,
				B98A5258201F42E700592B5D /* Game+Serialization.swift in Sources */,
				B98A5253201F343200592B5D /* TestGetGamesOperation.swift in Sources */,
				B98A5256201F402900592B5D /* BaseOperation.swift in Sources */,
				B95A8225201FA4AE001A51ED /* TestDeleteGameOperation.swift in Sources */,
				B98A5257201F42DA00592B5D /* Model.xcdatamodeld in Sources */,
			);
			runOnlyForDeploymentPostprocessing = 0;
		};
/* End PBXSourcesBuildPhase section */

/* Begin PBXTargetDependency section */
		B98A524E201F340900592B5D /* PBXTargetDependency */ = {
			isa = PBXTargetDependency;
			target = B90AF6FC20143E3900273629 /* Interview */;
			targetProxy = B98A524D201F340900592B5D /* PBXContainerItemProxy */;
		};
/* End PBXTargetDependency section */

/* Begin PBXVariantGroup section */
		B90AF70420143E3900273629 /* Main.storyboard */ = {
			isa = PBXVariantGroup;
			children = (
				B90AF70520143E3900273629 /* Base */,
			);
			name = Main.storyboard;
			sourceTree = "<group>";
		};
		B90AF70920143E3900273629 /* LaunchScreen.storyboard */ = {
			isa = PBXVariantGroup;
			children = (
				B90AF70A20143E3900273629 /* Base */,
			);
			name = LaunchScreen.storyboard;
			sourceTree = "<group>";
		};
/* End PBXVariantGroup section */

/* Begin XCBuildConfiguration section */
		B90AF70D20143E3900273629 /* Debug */ = {
			isa = XCBuildConfiguration;
			buildSettings = {
				ALWAYS_SEARCH_USER_PATHS = NO;
				CLANG_ANALYZER_NONNULL = YES;
				CLANG_ANALYZER_NUMBER_OBJECT_CONVERSION = YES_AGGRESSIVE;
				CLANG_CXX_LANGUAGE_STANDARD = "gnu++14";
				CLANG_CXX_LIBRARY = "libc++";
				CLANG_ENABLE_MODULES = YES;
				CLANG_ENABLE_OBJC_ARC = YES;
				CLANG_WARN_BLOCK_CAPTURE_AUTORELEASING = YES;
				CLANG_WARN_BOOL_CONVERSION = YES;
				CLANG_WARN_COMMA = YES;
				CLANG_WARN_CONSTANT_CONVERSION = YES;
				CLANG_WARN_DIRECT_OBJC_ISA_USAGE = YES_ERROR;
				CLANG_WARN_DOCUMENTATION_COMMENTS = YES;
				CLANG_WARN_EMPTY_BODY = YES;
				CLANG_WARN_ENUM_CONVERSION = YES;
				CLANG_WARN_INFINITE_RECURSION = YES;
				CLANG_WARN_INT_CONVERSION = YES;
				CLANG_WARN_NON_LITERAL_NULL_CONVERSION = YES;
				CLANG_WARN_OBJC_LITERAL_CONVERSION = YES;
				CLANG_WARN_OBJC_ROOT_CLASS = YES_ERROR;
				CLANG_WARN_RANGE_LOOP_ANALYSIS = YES;
				CLANG_WARN_STRICT_PROTOTYPES = YES;
				CLANG_WARN_SUSPICIOUS_MOVE = YES;
				CLANG_WARN_UNGUARDED_AVAILABILITY = YES_AGGRESSIVE;
				CLANG_WARN_UNREACHABLE_CODE = YES;
				CLANG_WARN__DUPLICATE_METHOD_MATCH = YES;
				CODE_SIGN_IDENTITY = "iPhone Developer";
				COPY_PHASE_STRIP = NO;
				DEBUG_INFORMATION_FORMAT = dwarf;
				ENABLE_STRICT_OBJC_MSGSEND = YES;
				ENABLE_TESTABILITY = YES;
				GCC_C_LANGUAGE_STANDARD = gnu11;
				GCC_DYNAMIC_NO_PIC = NO;
				GCC_NO_COMMON_BLOCKS = YES;
				GCC_OPTIMIZATION_LEVEL = 0;
				GCC_PREPROCESSOR_DEFINITIONS = (
					"DEBUG=1",
					"$(inherited)",
				);
				GCC_WARN_64_TO_32_BIT_CONVERSION = YES;
				GCC_WARN_ABOUT_RETURN_TYPE = YES_ERROR;
				GCC_WARN_UNDECLARED_SELECTOR = YES;
				GCC_WARN_UNINITIALIZED_AUTOS = YES_AGGRESSIVE;
				GCC_WARN_UNUSED_FUNCTION = YES;
				GCC_WARN_UNUSED_VARIABLE = YES;
				IPHONEOS_DEPLOYMENT_TARGET = 11.2;
				MTL_ENABLE_DEBUG_INFO = YES;
				ONLY_ACTIVE_ARCH = YES;
				SDKROOT = iphoneos;
				SWIFT_ACTIVE_COMPILATION_CONDITIONS = DEBUG;
				SWIFT_OPTIMIZATION_LEVEL = "-Onone";
			};
			name = Debug;
		};
		B90AF70E20143E3900273629 /* Release */ = {
			isa = XCBuildConfiguration;
			buildSettings = {
				ALWAYS_SEARCH_USER_PATHS = NO;
				CLANG_ANALYZER_NONNULL = YES;
				CLANG_ANALYZER_NUMBER_OBJECT_CONVERSION = YES_AGGRESSIVE;
				CLANG_CXX_LANGUAGE_STANDARD = "gnu++14";
				CLANG_CXX_LIBRARY = "libc++";
				CLANG_ENABLE_MODULES = YES;
				CLANG_ENABLE_OBJC_ARC = YES;
				CLANG_WARN_BLOCK_CAPTURE_AUTORELEASING = YES;
				CLANG_WARN_BOOL_CONVERSION = YES;
				CLANG_WARN_COMMA = YES;
				CLANG_WARN_CONSTANT_CONVERSION = YES;
				CLANG_WARN_DIRECT_OBJC_ISA_USAGE = YES_ERROR;
				CLANG_WARN_DOCUMENTATION_COMMENTS = YES;
				CLANG_WARN_EMPTY_BODY = YES;
				CLANG_WARN_ENUM_CONVERSION = YES;
				CLANG_WARN_INFINITE_RECURSION = YES;
				CLANG_WARN_INT_CONVERSION = YES;
				CLANG_WARN_NON_LITERAL_NULL_CONVERSION = YES;
				CLANG_WARN_OBJC_LITERAL_CONVERSION = YES;
				CLANG_WARN_OBJC_ROOT_CLASS = YES_ERROR;
				CLANG_WARN_RANGE_LOOP_ANALYSIS = YES;
				CLANG_WARN_STRICT_PROTOTYPES = YES;
				CLANG_WARN_SUSPICIOUS_MOVE = YES;
				CLANG_WARN_UNGUARDED_AVAILABILITY = YES_AGGRESSIVE;
				CLANG_WARN_UNREACHABLE_CODE = YES;
				CLANG_WARN__DUPLICATE_METHOD_MATCH = YES;
				CODE_SIGN_IDENTITY = "iPhone Developer";
				COPY_PHASE_STRIP = NO;
				DEBUG_INFORMATION_FORMAT = "dwarf-with-dsym";
				ENABLE_NS_ASSERTIONS = NO;
				ENABLE_STRICT_OBJC_MSGSEND = YES;
				GCC_C_LANGUAGE_STANDARD = gnu11;
				GCC_NO_COMMON_BLOCKS = YES;
				GCC_WARN_64_TO_32_BIT_CONVERSION = YES;
				GCC_WARN_ABOUT_RETURN_TYPE = YES_ERROR;
				GCC_WARN_UNDECLARED_SELECTOR = YES;
				GCC_WARN_UNINITIALIZED_AUTOS = YES_AGGRESSIVE;
				GCC_WARN_UNUSED_FUNCTION = YES;
				GCC_WARN_UNUSED_VARIABLE = YES;
				IPHONEOS_DEPLOYMENT_TARGET = 11.2;
				MTL_ENABLE_DEBUG_INFO = NO;
				SDKROOT = iphoneos;
				SWIFT_OPTIMIZATION_LEVEL = "-Owholemodule";
				VALIDATE_PRODUCT = YES;
			};
			name = Release;
		};
		B90AF71020143E3900273629 /* Debug */ = {
			isa = XCBuildConfiguration;
			buildSettings = {
				ASSETCATALOG_COMPILER_APPICON_NAME = AppIcon;
				CLANG_ENABLE_MODULES = YES;
				CODE_SIGN_STYLE = Automatic;
				DEVELOPMENT_TEAM = 5GEFUDW7PC;
				INFOPLIST_FILE = Interview/Info.plist;
				LD_RUNPATH_SEARCH_PATHS = "$(inherited) @executable_path/Frameworks";
				PRODUCT_BUNDLE_IDENTIFIER = com.merchv.Interview;
				PRODUCT_NAME = "$(TARGET_NAME)";
				SWIFT_OBJC_BRIDGING_HEADER = "Interview/Interview-Bridging-Header.h";
				SWIFT_OPTIMIZATION_LEVEL = "-Onone";
				SWIFT_VERSION = 4.0;
				TARGETED_DEVICE_FAMILY = "1,2";
			};
			name = Debug;
		};
		B90AF71120143E3900273629 /* Release */ = {
			isa = XCBuildConfiguration;
			buildSettings = {
				ASSETCATALOG_COMPILER_APPICON_NAME = AppIcon;
				CLANG_ENABLE_MODULES = YES;
				CODE_SIGN_STYLE = Automatic;
				DEVELOPMENT_TEAM = 5GEFUDW7PC;
				INFOPLIST_FILE = Interview/Info.plist;
				LD_RUNPATH_SEARCH_PATHS = "$(inherited) @executable_path/Frameworks";
				PRODUCT_BUNDLE_IDENTIFIER = com.merchv.Interview;
				PRODUCT_NAME = "$(TARGET_NAME)";
				SWIFT_OBJC_BRIDGING_HEADER = "Interview/Interview-Bridging-Header.h";
				SWIFT_VERSION = 4.0;
				TARGETED_DEVICE_FAMILY = "1,2";
			};
			name = Release;
		};
		B98A524F201F340900592B5D /* Debug */ = {
			isa = XCBuildConfiguration;
			buildSettings = {
				BUNDLE_LOADER = "$(TEST_HOST)";
				CODE_SIGN_STYLE = Automatic;
				DEVELOPMENT_TEAM = 5GEFUDW7PC;
				INFOPLIST_FILE = Tests/Info.plist;
				LD_RUNPATH_SEARCH_PATHS = "$(inherited) @executable_path/Frameworks @loader_path/Frameworks";
				PRODUCT_BUNDLE_IDENTIFIER = com.merchv.Tests;
				PRODUCT_NAME = "$(TARGET_NAME)";
				SWIFT_OBJC_BRIDGING_HEADER = "Interview/Interview-Bridging-Header.h";
				SWIFT_VERSION = 4.0;
				TARGETED_DEVICE_FAMILY = "1,2";
				TEST_HOST = "$(BUILT_PRODUCTS_DIR)/Interview.app/Interview";
			};
			name = Debug;
		};
		B98A5250201F340900592B5D /* Release */ = {
			isa = XCBuildConfiguration;
			buildSettings = {
				BUNDLE_LOADER = "$(TEST_HOST)";
				CODE_SIGN_STYLE = Automatic;
				DEVELOPMENT_TEAM = 5GEFUDW7PC;
				INFOPLIST_FILE = Tests/Info.plist;
				LD_RUNPATH_SEARCH_PATHS = "$(inherited) @executable_path/Frameworks @loader_path/Frameworks";
				PRODUCT_BUNDLE_IDENTIFIER = com.merchv.Tests;
				PRODUCT_NAME = "$(TARGET_NAME)";
				SWIFT_OBJC_BRIDGING_HEADER = "Interview/Interview-Bridging-Header.h";
				SWIFT_VERSION = 4.0;
				TARGETED_DEVICE_FAMILY = "1,2";
				TEST_HOST = "$(BUILT_PRODUCTS_DIR)/Interview.app/Interview";
			};
			name = Release;
		};
/* End XCBuildConfiguration section */

/* Begin XCConfigurationList section */
		B90AF6F820143E3900273629 /* Build configuration list for PBXProject "Interview" */ = {
			isa = XCConfigurationList;
			buildConfigurations = (
				B90AF70D20143E3900273629 /* Debug */,
				B90AF70E20143E3900273629 /* Release */,
			);
			defaultConfigurationIsVisible = 0;
			defaultConfigurationName = Release;
		};
		B90AF70F20143E3900273629 /* Build configuration list for PBXNativeTarget "Interview" */ = {
			isa = XCConfigurationList;
			buildConfigurations = (
				B90AF71020143E3900273629 /* Debug */,
				B90AF71120143E3900273629 /* Release */,
			);
			defaultConfigurationIsVisible = 0;
			defaultConfigurationName = Release;
		};
		B98A5251201F340900592B5D /* Build configuration list for PBXNativeTarget "Tests" */ = {
			isa = XCConfigurationList;
			buildConfigurations = (
				B98A524F201F340900592B5D /* Debug */,
				B98A5250201F340900592B5D /* Release */,
			);
			defaultConfigurationIsVisible = 0;
			defaultConfigurationName = Release;
		};
/* End XCConfigurationList section */

/* Begin XCVersionGroup section */
		B9572DE0201AD5E000651538 /* Model.xcdatamodeld */ = {
			isa = XCVersionGroup;
			children = (
				B9572DE1201AD5E000651538 /* Model.xcdatamodel */,
			);
			currentVersion = B9572DE1201AD5E000651538 /* Model.xcdatamodel */;
			path = Model.xcdatamodeld;
			sourceTree = "<group>";
			versionGroupType = wrapper.xcdatamodel;
		};
/* End XCVersionGroup section */
	};
	rootObject = B90AF6F520143E3900273629 /* Project object */;
}
